
Microsoft Visual Studio Solution File, Format Version 12.00
# Visual Studio Version 16
VisualStudioVersion = 16.0.29215.179
MinimumVisualStudioVersion = 10.0.40219.1
Project("{8BC9CEB8-8B4A-11D0-8D11-00A0C91BC942}") = "homework due 10212019", "homework due 10212019\homework due 10212019.vcxproj", "{C314FCB9-6A5E-4258-92CE-A6148569EB93}"
EndProject
Global
	GlobalSection(SolutionConfigurationPlatforms) = preSolution
		Debug|x64 = Debug|x64
		Debug|x86 = Debug|x86
		Release|x64 = Release|x64
		Release|x86 = Release|x86
	EndGlobalSection
	GlobalSection(ProjectConfigurationPlatforms) = postSolution
		{C314FCB9-6A5E-4258-92CE-A6148569EB93}.Debug|x64.ActiveCfg = Debug|x64
		{C314FCB9-6A5E-4258-92CE-A6148569EB93}.Debug|x64.Build.0 = Debug|x64
		{C314FCB9-6A5E-4258-92CE-A6148569EB93}.Debug|x86.ActiveCfg = Debug|Win32
		{C314FCB9-6A5E-4258-92CE-A6148569EB93}.Debug|x86.Build.0 = Debug|Win32
		{C314FCB9-6A5E-4258-92CE-A6148569EB93}.Release|x64.ActiveCfg = Release|x64
		{C314FCB9-6A5E-4258-92CE-A6148569EB93}.Release|x64.Build.0 = Release|x64
		{C314FCB9-6A5E-4258-92CE-A6148569EB93}.Release|x86.ActiveCfg = Release|Win32
		{C314FCB9-6A5E-4258-92CE-A6148569EB93}.Release|x86.Build.0 = Release|Win32
	EndGlobalSection
	GlobalSection(SolutionProperties) = preSolution
		HideSolutionNode = FALSE
	EndGlobalSection
	GlobalSection(ExtensibilityGlobals) = postSolution
		SolutionGuid = {96601C8E-C6AC-454D-B502-033073E2C735}
	EndGlobalSection
EndGlobal
